
Microsoft Visual Studio Solution File, Format Version 12.00
# Visual Studio 15
VisualStudioVersion = 15.0.28010.2036
MinimumVisualStudioVersion = 10.0.40219.1
Project("{9A19103F-16F7-4668-BE54-9A1E7A4F7556}") = "SmsGateway.MeApiWrapperCore", "SmsGateway.MeApiWrapperCore\SmsGateway.MeApiWrapperCore.csproj", "{D562BA94-B9F8-4E0D-B8B7-D54527D92AB7}"
EndProject
Project("{9A19103F-16F7-4668-BE54-9A1E7A4F7556}") = "TestAppCore", "TestAppCore\TestAppCore.csproj", "{A639F879-2AC0-49BA-8755-55D5BAF3EC6B}"
EndProject
Project("{FAE04EC0-301F-11D3-BF4B-00C04F79EFBC}") = "SmsGateway.MeApiTest", "SmsGateway.MeApiTest\SmsGateway.MeApiTest.csproj", "{EE465632-1FF3-40A4-85BC-62AC8ECBE47D}"
EndProject
Global
	GlobalSection(SolutionConfigurationPlatforms) = preSolution
		Debug|Any CPU = Debug|Any CPU
		Release|Any CPU = Release|Any CPU
	EndGlobalSection
	GlobalSection(ProjectConfigurationPlatforms) = postSolution
		{D562BA94-B9F8-4E0D-B8B7-D54527D92AB7}.Debug|Any CPU.ActiveCfg = Debug|Any CPU
		{D562BA94-B9F8-4E0D-B8B7-D54527D92AB7}.Debug|Any CPU.Build.0 = Debug|Any CPU
		{D562BA94-B9F8-4E0D-B8B7-D54527D92AB7}.Release|Any CPU.ActiveCfg = Release|Any CPU
		{D562BA94-B9F8-4E0D-B8B7-D54527D92AB7}.Release|Any CPU.Build.0 = Release|Any CPU
		{A639F879-2AC0-49BA-8755-55D5BAF3EC6B}.Debug|Any CPU.ActiveCfg = Debug|Any CPU
		{A639F879-2AC0-49BA-8755-55D5BAF3EC6B}.Debug|Any CPU.Build.0 = Debug|Any CPU
		{A639F879-2AC0-49BA-8755-55D5BAF3EC6B}.Release|Any CPU.ActiveCfg = Release|Any CPU
		{A639F879-2AC0-49BA-8755-55D5BAF3EC6B}.Release|Any CPU.Build.0 = Release|Any CPU
		{EE465632-1FF3-40A4-85BC-62AC8ECBE47D}.Debug|Any CPU.ActiveCfg = Debug|Any CPU
		{EE465632-1FF3-40A4-85BC-62AC8ECBE47D}.Debug|Any CPU.Build.0 = Debug|Any CPU
		{EE465632-1FF3-40A4-85BC-62AC8ECBE47D}.Release|Any CPU.ActiveCfg = Release|Any CPU
		{EE465632-1FF3-40A4-85BC-62AC8ECBE47D}.Release|Any CPU.Build.0 = Release|Any CPU
	EndGlobalSection
	GlobalSection(SolutionProperties) = preSolution
		HideSolutionNode = FALSE
	EndGlobalSection
	GlobalSection(ExtensibilityGlobals) = postSolution
		SolutionGuid = {65F256F7-30BF-485E-BD38-F05123277CAF}
	EndGlobalSection
EndGlobal
